
Microsoft Visual Studio Solution File, Format Version 12.00
# Visual Studio 15
VisualStudioVersion = 15.0.28307.136
MinimumVisualStudioVersion = 10.0.40219.1
Project("{FAE04EC0-301F-11D3-BF4B-00C04F79EFBC}") = "Flap Bird", "Flap Bird\Flap Bird.csproj", "{42BB9FFE-D367-4214-AEFF-398FFDDA5661}"
EndProject
Global
	GlobalSection(SolutionConfigurationPlatforms) = preSolution
		Debug|Any CPU = Debug|Any CPU
		Release|Any CPU = Release|Any CPU
	EndGlobalSection
	GlobalSection(ProjectConfigurationPlatforms) = postSolution
		{42BB9FFE-D367-4214-AEFF-398FFDDA5661}.Debug|Any CPU.ActiveCfg = Debug|Any CPU
		{42BB9FFE-D367-4214-AEFF-398FFDDA5661}.Debug|Any CPU.Build.0 = Debug|Any CPU
		{42BB9FFE-D367-4214-AEFF-398FFDDA5661}.Release|Any CPU.ActiveCfg = Release|Any CPU
		{42BB9FFE-D367-4214-AEFF-398FFDDA5661}.Release|Any CPU.Build.0 = Release|Any CPU
	EndGlobalSection
	GlobalSection(SolutionProperties) = preSolution
		HideSolutionNode = FALSE
	EndGlobalSection
	GlobalSection(ExtensibilityGlobals) = postSolution
		SolutionGuid = {3A44E940-3460-4ABF-9C1D-6460D127620C}
	EndGlobalSection
EndGlobal
